
Microsoft Visual Studio Solution File, Format Version 12.00
# Visual Studio Version 17
VisualStudioVersion = 17.4.33122.133
MinimumVisualStudioVersion = 10.0.40219.1
Project("{FAE04EC0-301F-11D3-BF4B-00C04F79EFBC}") = "ConsoleApp4", "ConsoleApp4\ConsoleApp4.csproj", "{31936ED1-7B98-4C9C-A6B3-2F33F91ECA63}"
EndProject
Global
	GlobalSection(SolutionConfigurationPlatforms) = preSolution
		Debug|Any CPU = Debug|Any CPU
		Release|Any CPU = Release|Any CPU
	EndGlobalSection
	GlobalSection(ProjectConfigurationPlatforms) = postSolution
		{31936ED1-7B98-4C9C-A6B3-2F33F91ECA63}.Debug|Any CPU.ActiveCfg = Debug|Any CPU
		{31936ED1-7B98-4C9C-A6B3-2F33F91ECA63}.Debug|Any CPU.Build.0 = Debug|Any CPU
		{31936ED1-7B98-4C9C-A6B3-2F33F91ECA63}.Release|Any CPU.ActiveCfg = Release|Any CPU
		{31936ED1-7B98-4C9C-A6B3-2F33F91ECA63}.Release|Any CPU.Build.0 = Release|Any CPU
	EndGlobalSection
	GlobalSection(SolutionProperties) = preSolution
		HideSolutionNode = FALSE
	EndGlobalSection
	GlobalSection(ExtensibilityGlobals) = postSolution
		SolutionGuid = {3126A55C-B4E8-4E71-ADA2-98EE3CF3BD06}
	EndGlobalSection
EndGlobal
